
Microsoft Visual Studio Solution File, Format Version 12.00
# Visual Studio Version 16
VisualStudioVersion = 16.0.31702.278
MinimumVisualStudioVersion = 10.0.40219.1
Project("{2150E333-8FDC-42A3-9474-1A3956D46DE8}") = "1-OlaMundo", "1-OlaMundo", "{18AA3735-2027-4C64-A5F0-EE92A5C696EB}"
EndProject
Project("{9A19103F-16F7-4668-BE54-9A1E7A4F7556}") = "OlaMundo", "1-OlaMundo\OlaMundo.csproj", "{D352893D-6B12-47F7-8026-1275026F0553}"
EndProject
Project("{2150E333-8FDC-42A3-9474-1A3956D46DE8}") = "2-Variaveis", "2-Variaveis", "{963ECF3E-839B-42BD-A667-09963EB6F8C2}"
EndProject
Project("{9A19103F-16F7-4668-BE54-9A1E7A4F7556}") = "Variaveis", "2-Variaveis\Variaveis.csproj", "{BEC4770B-37C6-41C7-A4B5-3F0569795240}"
EndProject
Project("{2150E333-8FDC-42A3-9474-1A3956D46DE8}") = "3-VariaveisPontoFlutuante", "3-VariaveisPontoFlutuante", "{9D95EBE7-B886-4E41-A12C-FC871E6B6D87}"
EndProject
Project("{9A19103F-16F7-4668-BE54-9A1E7A4F7556}") = "VariaveisPontoFlutuante", "3-VariaveisPontoFlutuante\VariaveisPontoFlutuante.csproj", "{38DAEAE9-631B-4AA1-A104-3BB34BB1AF62}"
EndProject
Project("{2150E333-8FDC-42A3-9474-1A3956D46DE8}") = "4-ConversoesEOutrosTiposNumericos", "4-ConversoesEOutrosTiposNumericos", "{268AC8D8-D615-4740-BFDD-B13F988220E8}"
EndProject
Project("{9A19103F-16F7-4668-BE54-9A1E7A4F7556}") = "ConversoesEOutrosTiposNumericos", "4-ConversoesEOutrosTiposNumericos\ConversoesEOutrosTiposNumericos\ConversoesEOutrosTiposNumericos.csproj", "{A8FBD103-6167-463B-B58B-7719EFB30FBA}"
EndProject
Project("{2150E333-8FDC-42A3-9474-1A3956D46DE8}") = "5-Condicionais", "5-Condicionais", "{D77BC2BC-2119-47C6-8020-425A7D0384CC}"
EndProject
Project("{9A19103F-16F7-4668-BE54-9A1E7A4F7556}") = "Condicionais", "5-Condicionais\Condicionais\Condicionais.csproj", "{26DD08CF-334B-42E6-99E9-C4088725D1C2}"
EndProject
Project("{2150E333-8FDC-42A3-9474-1A3956D46DE8}") = "6-TestaEscopo", "6-TestaEscopo", "{C3BA89B3-1224-4FF2-9948-E37BB8460632}"
EndProject
Project("{9A19103F-16F7-4668-BE54-9A1E7A4F7556}") = "TestaEscopo", "6-TestaEscopo\TestaEscopo\TestaEscopo.csproj", "{6D80F8A6-B2EE-44B2-8A98-DFD0ABD6BCDB}"
EndProject
Project("{2150E333-8FDC-42A3-9474-1A3956D46DE8}") = "7-Aliquotas", "7-Aliquotas", "{FDF8326A-245D-4399-8F42-DFA6B2C8ABE1}"
EndProject
Project("{9A19103F-16F7-4668-BE54-9A1E7A4F7556}") = "Aliquotas", "7-Aliquotas\7-Aliquotas\Aliquotas.csproj", "{5B1BCE47-3BCF-47B8-9530-493D077D672D}"
EndProject
Project("{2150E333-8FDC-42A3-9474-1A3956D46DE8}") = "8-Switch", "8-Switch", "{4B5FB34A-BB1F-483E-B0D8-94B36656B5B2}"
EndProject
Project("{9A19103F-16F7-4668-BE54-9A1E7A4F7556}") = "Switch", "8-Switch\Switch\Switch.csproj", "{289BEA39-B1F8-410B-A0E7-F9720E787974}"
EndProject
Project("{2150E333-8FDC-42A3-9474-1A3956D46DE8}") = "P10-CalculaPoupanca", "P10-CalculaPoupanca", "{EB67626A-B053-47C9-9D30-E13D9753806E}"
EndProject
Project("{9A19103F-16F7-4668-BE54-9A1E7A4F7556}") = "CalculaPoupanca", "CalculaPoupanca\CalculaPoupanca.csproj", "{BDDB3035-2D8B-47D7-B4D4-30167932EDCC}"
EndProject
Project("{2150E333-8FDC-42A3-9474-1A3956D46DE8}") = "P11-CalculaPoupanca2", "P11-CalculaPoupanca2", "{83BA0AE9-76EC-4C71-9B79-D4E0E4706777}"
EndProject
Project("{9A19103F-16F7-4668-BE54-9A1E7A4F7556}") = "CalculaPoupanca2", "CalculaPoupanca2\CalculaPoupanca2.csproj", "{39DF3FDC-BE52-43C3-9E20-9BD3A22EE4B3}"
EndProject
Project("{2150E333-8FDC-42A3-9474-1A3956D46DE8}") = "P12-CalculaInvestimentoLongoPrazo", "P12-CalculaInvestimentoLongoPrazo", "{23B94157-B6EE-420E-89EA-87465C5BBE4A}"
EndProject
Project("{FAE04EC0-301F-11D3-BF4B-00C04F79EFBC}") = "CalculaInvestimentoLongoPrazo", "CalculaInvestimentoLongoPrazo\CalculaInvestimentoLongoPrazo.csproj", "{7DF30925-B332-4557-81BF-FEC05F1B647D}"
EndProject
Project("{2150E333-8FDC-42A3-9474-1A3956D46DE8}") = "P13-ForEncadeado", "P13-ForEncadeado", "{014AEB30-5D84-47C6-A0C1-1C314D6C0630}"
EndProject
Project("{FAE04EC0-301F-11D3-BF4B-00C04F79EFBC}") = "ForEncadeado", "ForEncadeado\ForEncadeado.csproj", "{CE5E775B-965F-4DEE-B00E-A5EA288091EB}"
EndProject
Project("{2150E333-8FDC-42A3-9474-1A3956D46DE8}") = "P14-LacoDeRepeticaoWhile", "P14-LacoDeRepeticaoWhile", "{E845260B-C4F5-485B-A3AE-BF04B6A79D56}"
EndProject
Project("{FAE04EC0-301F-11D3-BF4B-00C04F79EFBC}") = "LacoDeRepeticaoWhile", "LacoDeRepeticaoWhile\LacoDeRepeticaoWhile.csproj", "{6A9DBD3C-D367-4D11-8A17-92892861FEBC}"
EndProject
Project("{2150E333-8FDC-42A3-9474-1A3956D46DE8}") = "P15-LacoDeRepeticaoFor", "P15-LacoDeRepeticaoFor", "{6BF1F028-3816-400B-9048-4360F55E92A0}"
EndProject
Project("{FAE04EC0-301F-11D3-BF4B-00C04F79EFBC}") = "LacoDeRepeticaoFor", "LacoDeRepeticaoFor\LacoDeRepeticaoFor.csproj", "{12A82D0F-D704-4F21-B577-89810315DF5E}"
EndProject
Project("{2150E333-8FDC-42A3-9474-1A3956D46DE8}") = "P16-Tabuada", "P16-Tabuada", "{2C2561BD-A460-4EF1-8207-8AEE68F5545C}"
EndProject
Project("{FAE04EC0-301F-11D3-BF4B-00C04F79EFBC}") = "Tabuada", "Tabuada\Tabuada.csproj", "{38068A4F-E1F0-4819-ADFB-F2F9132A4FF7}"
EndProject
Project("{2150E333-8FDC-42A3-9474-1A3956D46DE8}") = "P17-Matriz Triangular", "P17-Matriz Triangular", "{17268013-6AB9-4A87-B9FD-5D8BDD5B3025}"
EndProject
Project("{FAE04EC0-301F-11D3-BF4B-00C04F79EFBC}") = "MatrizTriangular", "MatrizTriangular\MatrizTriangular.csproj", "{DEAD2833-23CB-49C2-A4E1-95C881BD391A}"
EndProject
Project("{2150E333-8FDC-42A3-9474-1A3956D46DE8}") = "P18-Multiplos", "P18-Multiplos", "{F1C66702-06BE-48FC-9112-DD850C4F3C92}"
EndProject
Project("{FAE04EC0-301F-11D3-BF4B-00C04F79EFBC}") = "Multiplos", "Multiplos\Multiplos.csproj", "{88CBE1CA-4260-4430-B8B3-47CE4EB059A7}"
EndProject
Project("{2150E333-8FDC-42A3-9474-1A3956D46DE8}") = "P19-Desafio Opcional - Fatorial", "P19-Desafio Opcional - Fatorial", "{3B59458C-A89C-4FA2-9319-CBADF9EF5A25}"
EndProject
Project("{FAE04EC0-301F-11D3-BF4B-00C04F79EFBC}") = "Fatorial", "Fatorial\Fatorial.csproj", "{6EFFB8B4-3865-477D-9B21-FBF622D48BC8}"
EndProject
Global
	GlobalSection(SolutionConfigurationPlatforms) = preSolution
		Debug|Any CPU = Debug|Any CPU
		Release|Any CPU = Release|Any CPU
	EndGlobalSection
	GlobalSection(ProjectConfigurationPlatforms) = postSolution
		{D352893D-6B12-47F7-8026-1275026F0553}.Debug|Any CPU.ActiveCfg = Debug|Any CPU
		{D352893D-6B12-47F7-8026-1275026F0553}.Debug|Any CPU.Build.0 = Debug|Any CPU
		{D352893D-6B12-47F7-8026-1275026F0553}.Release|Any CPU.ActiveCfg = Release|Any CPU
		{D352893D-6B12-47F7-8026-1275026F0553}.Release|Any CPU.Build.0 = Release|Any CPU
		{BEC4770B-37C6-41C7-A4B5-3F0569795240}.Debug|Any CPU.ActiveCfg = Debug|Any CPU
		{BEC4770B-37C6-41C7-A4B5-3F0569795240}.Debug|Any CPU.Build.0 = Debug|Any CPU
		{BEC4770B-37C6-41C7-A4B5-3F0569795240}.Release|Any CPU.ActiveCfg = Release|Any CPU
		{BEC4770B-37C6-41C7-A4B5-3F0569795240}.Release|Any CPU.Build.0 = Release|Any CPU
		{38DAEAE9-631B-4AA1-A104-3BB34BB1AF62}.Debug|Any CPU.ActiveCfg = Debug|Any CPU
		{38DAEAE9-631B-4AA1-A104-3BB34BB1AF62}.Debug|Any CPU.Build.0 = Debug|Any CPU
		{38DAEAE9-631B-4AA1-A104-3BB34BB1AF62}.Release|Any CPU.ActiveCfg = Release|Any CPU
		{38DAEAE9-631B-4AA1-A104-3BB34BB1AF62}.Release|Any CPU.Build.0 = Release|Any CPU
		{A8FBD103-6167-463B-B58B-7719EFB30FBA}.Debug|Any CPU.ActiveCfg = Debug|Any CPU
		{A8FBD103-6167-463B-B58B-7719EFB30FBA}.Debug|Any CPU.Build.0 = Debug|Any CPU
		{A8FBD103-6167-463B-B58B-7719EFB30FBA}.Release|Any CPU.ActiveCfg = Release|Any CPU
		{A8FBD103-6167-463B-B58B-7719EFB30FBA}.Release|Any CPU.Build.0 = Release|Any CPU
		{26DD08CF-334B-42E6-99E9-C4088725D1C2}.Debug|Any CPU.ActiveCfg = Debug|Any CPU
		{26DD08CF-334B-42E6-99E9-C4088725D1C2}.Debug|Any CPU.Build.0 = Debug|Any CPU
		{26DD08CF-334B-42E6-99E9-C4088725D1C2}.Release|Any CPU.ActiveCfg = Release|Any CPU
		{26DD08CF-334B-42E6-99E9-C4088725D1C2}.Release|Any CPU.Build.0 = Release|Any CPU
		{6D80F8A6-B2EE-44B2-8A98-DFD0ABD6BCDB}.Debug|Any CPU.ActiveCfg = Debug|Any CPU
		{6D80F8A6-B2EE-44B2-8A98-DFD0ABD6BCDB}.Debug|Any CPU.Build.0 = Debug|Any CPU
		{6D80F8A6-B2EE-44B2-8A98-DFD0ABD6BCDB}.Release|Any CPU.ActiveCfg = Release|Any CPU
		{6D80F8A6-B2EE-44B2-8A98-DFD0ABD6BCDB}.Release|Any CPU.Build.0 = Release|Any CPU
		{5B1BCE47-3BCF-47B8-9530-493D077D672D}.Debug|Any CPU.ActiveCfg = Debug|Any CPU
		{5B1BCE47-3BCF-47B8-9530-493D077D672D}.Debug|Any CPU.Build.0 = Debug|Any CPU
		{5B1BCE47-3BCF-47B8-9530-493D077D672D}.Release|Any CPU.ActiveCfg = Release|Any CPU
		{5B1BCE47-3BCF-47B8-9530-493D077D672D}.Release|Any CPU.Build.0 = Release|Any CPU
		{289BEA39-B1F8-410B-A0E7-F9720E787974}.Debug|Any CPU.ActiveCfg = Debug|Any CPU
		{289BEA39-B1F8-410B-A0E7-F9720E787974}.Debug|Any CPU.Build.0 = Debug|Any CPU
		{289BEA39-B1F8-410B-A0E7-F9720E787974}.Release|Any CPU.ActiveCfg = Release|Any CPU
		{289BEA39-B1F8-410B-A0E7-F9720E787974}.Release|Any CPU.Build.0 = Release|Any CPU
		{BDDB3035-2D8B-47D7-B4D4-30167932EDCC}.Debug|Any CPU.ActiveCfg = Debug|Any CPU
		{BDDB3035-2D8B-47D7-B4D4-30167932EDCC}.Debug|Any CPU.Build.0 = Debug|Any CPU
		{BDDB3035-2D8B-47D7-B4D4-30167932EDCC}.Release|Any CPU.ActiveCfg = Release|Any CPU
		{BDDB3035-2D8B-47D7-B4D4-30167932EDCC}.Release|Any CPU.Build.0 = Release|Any CPU
		{39DF3FDC-BE52-43C3-9E20-9BD3A22EE4B3}.Debug|Any CPU.ActiveCfg = Debug|Any CPU
		{39DF3FDC-BE52-43C3-9E20-9BD3A22EE4B3}.Debug|Any CPU.Build.0 = Debug|Any CPU
		{39DF3FDC-BE52-43C3-9E20-9BD3A22EE4B3}.Release|Any CPU.ActiveCfg = Release|Any CPU
		{39DF3FDC-BE52-43C3-9E20-9BD3A22EE4B3}.Release|Any CPU.Build.0 = Release|Any CPU
		{7DF30925-B332-4557-81BF-FEC05F1B647D}.Debug|Any CPU.ActiveCfg = Debug|Any CPU
		{7DF30925-B332-4557-81BF-FEC05F1B647D}.Debug|Any CPU.Build.0 = Debug|Any CPU
		{7DF30925-B332-4557-81BF-FEC05F1B647D}.Release|Any CPU.ActiveCfg = Release|Any CPU
		{7DF30925-B332-4557-81BF-FEC05F1B647D}.Release|Any CPU.Build.0 = Release|Any CPU
		{CE5E775B-965F-4DEE-B00E-A5EA288091EB}.Debug|Any CPU.ActiveCfg = Debug|Any CPU
		{CE5E775B-965F-4DEE-B00E-A5EA288091EB}.Debug|Any CPU.Build.0 = Debug|Any CPU
		{CE5E775B-965F-4DEE-B00E-A5EA288091EB}.Release|Any CPU.ActiveCfg = Release|Any CPU
		{CE5E775B-965F-4DEE-B00E-A5EA288091EB}.Release|Any CPU.Build.0 = Release|Any CPU
		{6A9DBD3C-D367-4D11-8A17-92892861FEBC}.Debug|Any CPU.ActiveCfg = Debug|Any CPU
		{6A9DBD3C-D367-4D11-8A17-92892861FEBC}.Debug|Any CPU.Build.0 = Debug|Any CPU
		{6A9DBD3C-D367-4D11-8A17-92892861FEBC}.Release|Any CPU.ActiveCfg = Release|Any CPU
		{6A9DBD3C-D367-4D11-8A17-92892861FEBC}.Release|Any CPU.Build.0 = Release|Any CPU
		{12A82D0F-D704-4F21-B577-89810315DF5E}.Debug|Any CPU.ActiveCfg = Debug|Any CPU
		{12A82D0F-D704-4F21-B577-89810315DF5E}.Debug|Any CPU.Build.0 = Debug|Any CPU
		{12A82D0F-D704-4F21-B577-89810315DF5E}.Release|Any CPU.ActiveCfg = Release|Any CPU
		{12A82D0F-D704-4F21-B577-89810315DF5E}.Release|Any CPU.Build.0 = Release|Any CPU
		{38068A4F-E1F0-4819-ADFB-F2F9132A4FF7}.Debug|Any CPU.ActiveCfg = Debug|Any CPU
		{38068A4F-E1F0-4819-ADFB-F2F9132A4FF7}.Debug|Any CPU.Build.0 = Debug|Any CPU
		{38068A4F-E1F0-4819-ADFB-F2F9132A4FF7}.Release|Any CPU.ActiveCfg = Release|Any CPU
		{38068A4F-E1F0-4819-ADFB-F2F9132A4FF7}.Release|Any CPU.Build.0 = Release|Any CPU
		{DEAD2833-23CB-49C2-A4E1-95C881BD391A}.Debug|Any CPU.ActiveCfg = Debug|Any CPU
		{DEAD2833-23CB-49C2-A4E1-95C881BD391A}.Debug|Any CPU.Build.0 = Debug|Any CPU
		{DEAD2833-23CB-49C2-A4E1-95C881BD391A}.Release|Any CPU.ActiveCfg = Release|Any CPU
		{DEAD2833-23CB-49C2-A4E1-95C881BD391A}.Release|Any CPU.Build.0 = Release|Any CPU
		{88CBE1CA-4260-4430-B8B3-47CE4EB059A7}.Debug|Any CPU.ActiveCfg = Debug|Any CPU
		{88CBE1CA-4260-4430-B8B3-47CE4EB059A7}.Debug|Any CPU.Build.0 = Debug|Any CPU
		{88CBE1CA-4260-4430-B8B3-47CE4EB059A7}.Release|Any CPU.ActiveCfg = Release|Any CPU
		{88CBE1CA-4260-4430-B8B3-47CE4EB059A7}.Release|Any CPU.Build.0 = Release|Any CPU
		{6EFFB8B4-3865-477D-9B21-FBF622D48BC8}.Debug|Any CPU.ActiveCfg = Debug|Any CPU
		{6EFFB8B4-3865-477D-9B21-FBF622D48BC8}.Debug|Any CPU.Build.0 = Debug|Any CPU
		{6EFFB8B4-3865-477D-9B21-FBF622D48BC8}.Release|Any CPU.ActiveCfg = Release|Any CPU
		{6EFFB8B4-3865-477D-9B21-FBF622D48BC8}.Release|Any CPU.Build.0 = Release|Any CPU
	EndGlobalSection
	GlobalSection(SolutionProperties) = preSolution
		HideSolutionNode = FALSE
	EndGlobalSection
	GlobalSection(NestedProjects) = preSolution
		{D352893D-6B12-47F7-8026-1275026F0553} = {18AA3735-2027-4C64-A5F0-EE92A5C696EB}
		{BEC4770B-37C6-41C7-A4B5-3F0569795240} = {963ECF3E-839B-42BD-A667-09963EB6F8C2}
		{38DAEAE9-631B-4AA1-A104-3BB34BB1AF62} = {9D95EBE7-B886-4E41-A12C-FC871E6B6D87}
		{A8FBD103-6167-463B-B58B-7719EFB30FBA} = {268AC8D8-D615-4740-BFDD-B13F988220E8}
		{26DD08CF-334B-42E6-99E9-C4088725D1C2} = {D77BC2BC-2119-47C6-8020-425A7D0384CC}
		{6D80F8A6-B2EE-44B2-8A98-DFD0ABD6BCDB} = {C3BA89B3-1224-4FF2-9948-E37BB8460632}
		{5B1BCE47-3BCF-47B8-9530-493D077D672D} = {FDF8326A-245D-4399-8F42-DFA6B2C8ABE1}
		{289BEA39-B1F8-410B-A0E7-F9720E787974} = {4B5FB34A-BB1F-483E-B0D8-94B36656B5B2}
		{BDDB3035-2D8B-47D7-B4D4-30167932EDCC} = {EB67626A-B053-47C9-9D30-E13D9753806E}
		{39DF3FDC-BE52-43C3-9E20-9BD3A22EE4B3} = {83BA0AE9-76EC-4C71-9B79-D4E0E4706777}
		{7DF30925-B332-4557-81BF-FEC05F1B647D} = {23B94157-B6EE-420E-89EA-87465C5BBE4A}
		{CE5E775B-965F-4DEE-B00E-A5EA288091EB} = {014AEB30-5D84-47C6-A0C1-1C314D6C0630}
		{6A9DBD3C-D367-4D11-8A17-92892861FEBC} = {E845260B-C4F5-485B-A3AE-BF04B6A79D56}
		{12A82D0F-D704-4F21-B577-89810315DF5E} = {6BF1F028-3816-400B-9048-4360F55E92A0}
		{38068A4F-E1F0-4819-ADFB-F2F9132A4FF7} = {2C2561BD-A460-4EF1-8207-8AEE68F5545C}
		{DEAD2833-23CB-49C2-A4E1-95C881BD391A} = {17268013-6AB9-4A87-B9FD-5D8BDD5B3025}
		{88CBE1CA-4260-4430-B8B3-47CE4EB059A7} = {F1C66702-06BE-48FC-9112-DD850C4F3C92}
		{6EFFB8B4-3865-477D-9B21-FBF622D48BC8} = {3B59458C-A89C-4FA2-9319-CBADF9EF5A25}
	EndGlobalSection
	GlobalSection(ExtensibilityGlobals) = postSolution
		SolutionGuid = {B8C6F29C-CFB5-4B0E-955A-1B6FD6AE82DD}
	EndGlobalSection
EndGlobal
