
Microsoft Visual Studio Solution File, Format Version 12.00
# Visual Studio Version 16
VisualStudioVersion = 16.0.32002.261
MinimumVisualStudioVersion = 10.0.40219.1
Project("{FAE04EC0-301F-11D3-BF4B-00C04F79EFBC}") = "ByteBank", "ByteBank.csproj", "{B7E8FE23-D666-4471-994B-52A70F9C4B87}"
EndProject
Global
	GlobalSection(SolutionConfigurationPlatforms) = preSolution
		Debug|Any CPU = Debug|Any CPU
		Release|Any CPU = Release|Any CPU
	EndGlobalSection
	GlobalSection(ProjectConfigurationPlatforms) = postSolution
		{B7E8FE23-D666-4471-994B-52A70F9C4B87}.Debug|Any CPU.ActiveCfg = Debug|Any CPU
		{B7E8FE23-D666-4471-994B-52A70F9C4B87}.Debug|Any CPU.Build.0 = Debug|Any CPU
		{B7E8FE23-D666-4471-994B-52A70F9C4B87}.Release|Any CPU.ActiveCfg = Release|Any CPU
		{B7E8FE23-D666-4471-994B-52A70F9C4B87}.Release|Any CPU.Build.0 = Release|Any CPU
	EndGlobalSection
	GlobalSection(SolutionProperties) = preSolution
		HideSolutionNode = FALSE
	EndGlobalSection
	GlobalSection(ExtensibilityGlobals) = postSolution
		SolutionGuid = {6205DFA7-3066-4D59-A9E3-B793F94D6253}
	EndGlobalSection
EndGlobal
